
Microsoft Visual Studio Solution File, Format Version 12.00
# Visual Studio Version 16
VisualStudioVersion = 16.0.29503.13
MinimumVisualStudioVersion = 10.0.40219.1
Project("{9A19103F-16F7-4668-BE54-9A1E7A4F7556}") = "Lab_01", "Lab_01\Lab_01.csproj", "{0BC88CC8-7F44-4B53-95EB-F216ED4C80DF}"
EndProject
Project("{9A19103F-16F7-4668-BE54-9A1E7A4F7556}") = "Lab_02_OOP_mammals_withInterfaces", "Lab_02_OOP_mammals_withInterfaces\Lab_02_OOP_mammals_withInterfaces.csproj", "{3AC44637-DB77-4DAB-9DB1-B0F30610CE6F}"
EndProject
Project("{9A19103F-16F7-4668-BE54-9A1E7A4F7556}") = "Lab_03_OOP_EverythingCombined_Features", "Lab03_OOP_EverythingCombined_Features\Lab_03_OOP_EverythingCombined_Features.csproj", "{C74839BE-4022-44E6-9533-BB36F09BE99B}"
EndProject
Project("{FAE04EC0-301F-11D3-BF4B-00C04F79EFBC}") = "Lab_04_Connect_To_Raw_Sql", "Lab_04_Connect_To_Raw_Sql\Lab_04_Connect_To_Raw_Sql.csproj", "{7FAFF0F2-8CB4-469B-A544-1C87574F2CE5}"
EndProject
Project("{9A19103F-16F7-4668-BE54-9A1E7A4F7556}") = "Lab_05_CRUD_RAW_SQL", "Lab_05_CRUD_RAW_SQL\Lab_05_CRUD_RAW_SQL.csproj", "{759A3C61-DF36-418A-B3D1-C145D400AE3C}"
EndProject
Project("{9A19103F-16F7-4668-BE54-9A1E7A4F7556}") = "Lab_06_Rabbits_Create_100", "Lab_06_Rabbits_Create_100\Lab_06_Rabbits_Create_100.csproj", "{36FD735F-8635-48F9-9424-38EE8A948D68}"
EndProject
Project("{9A19103F-16F7-4668-BE54-9A1E7A4F7556}") = "Lab_07_Create_Northwind_SQlite", "Create_Lab_07_Northwind_SQlite\Lab_07_Create_Northwind_SQlite.csproj", "{BDCB17DB-D616-4D4C-9A62-0B1650548641}"
EndProject
Project("{9A19103F-16F7-4668-BE54-9A1E7A4F7556}") = "NUnit_Tests", "NUnit_Tests\NUnit_Tests.csproj", "{BA3096FF-9B82-48D5-BA4C-F2D9D082A3FD}"
EndProject
Project("{9A19103F-16F7-4668-BE54-9A1E7A4F7556}") = "Lab_08_TDD_Collections", "Lab_08_TDD_Collections\Lab_08_TDD_Collections.csproj", "{55175CA4-1F58-424F-A5B5-F1DCB82A8953}"
EndProject
Project("{9A19103F-16F7-4668-BE54-9A1E7A4F7556}") = "Lab_09_Rabbit_Test", "Lab_09_Rabbit_Test\Lab_09_Rabbit_Test.csproj", "{56CECD63-B081-4A07-A323-108F9858F604}"
EndProject
Project("{9A19103F-16F7-4668-BE54-9A1E7A4F7556}") = "Lab_10_Simple_events", "Lab_10_Simple_events\Lab_10_Simple_events.csproj", "{277BFDBF-C2F2-47CF-BFF9-C3A99F881DA7}"
EndProject
Project("{9A19103F-16F7-4668-BE54-9A1E7A4F7556}") = "Lab_11_Delegates", "Lab_11_Delegates\Lab_11_Delegates.csproj", "{2C950844-3D4B-4165-B0D6-A16668D6E904}"
EndProject
Project("{9A19103F-16F7-4668-BE54-9A1E7A4F7556}") = "Lab_12_OOP_Events", "Lab_12_OOP_Events\Lab_12_OOP_Events.csproj", "{DD5246C9-19D3-4936-8309-FDDB05D28D2E}"
EndProject
Project("{FAE04EC0-301F-11D3-BF4B-00C04F79EFBC}") = "Lab_13_WPF_ToDo_Application", "Lab_13_WPF_ToDo_Application\Lab_13_WPF_ToDo_Application.csproj", "{4AAADD31-DEC6-40DA-9059-F8AF5745E8D9}"
EndProject
Project("{9A19103F-16F7-4668-BE54-9A1E7A4F7556}") = "Lab_14_Linq", "Lab14_Linq\Lab_14_Linq.csproj", "{B9DFAD85-C1D0-4AEA-AE1C-AD11C0DE1699}"
EndProject
Project("{9A19103F-16F7-4668-BE54-9A1E7A4F7556}") = "Lab_15_Tasks", "Lab_15_Tasks\Lab_15_Tasks.csproj", "{9F9D9B30-DDDA-46B3-A675-7F63FC1556A0}"
EndProject
Project("{00D1A9C2-B5F0-4AF3-8072-F6C62B433612}") = "DbDemo", "DbDemo\DbDemo.sqlproj", "{5A4CCEF5-8C25-43BB-B4D3-006901E3A923}"
EndProject
Project("{9A19103F-16F7-4668-BE54-9A1E7A4F7556}") = "Lab_16_Tasks", "Lab_16_Tasks\Lab_16_Tasks.csproj", "{5018260D-FEC4-48B9-ABF2-C6ECD952E350}"
EndProject
Project("{FAE04EC0-301F-11D3-BF4B-00C04F79EFBC}") = "Lab_17_Northwind_Test", "Lab_17_Northwind_Test\Lab_17_Northwind_Test.csproj", "{C8E7C139-6D52-44DB-BA6E-9F420B9B26A7}"
EndProject
Project("{9A19103F-16F7-4668-BE54-9A1E7A4F7556}") = "Lab_18_Streaming", "Lab_18_Streaming\Lab_18_Streaming.csproj", "{8D93EC5E-201C-4AE8-9414-63F6600165F9}"
EndProject
Project("{9A19103F-16F7-4668-BE54-9A1E7A4F7556}") = "Lab_19_HTTP", "Lab_19_HTTP\Lab_19_HTTP.csproj", "{4428281F-BC5B-4011-90AE-6927A0D77842}"
EndProject
Project("{9A19103F-16F7-4668-BE54-9A1E7A4F7556}") = "Lab_20_Northwind_Products", "Lab_20_Northwind_Products\Lab_20_Northwind_Products.csproj", "{7EDE39B2-4613-434A-B90F-6E3A7A961999}"
EndProject
Project("{9A19103F-16F7-4668-BE54-9A1E7A4F7556}") = "Lab_21_Async_Await", "Lab_21_Async_Await\Lab_21_Async_Await.csproj", "{3FA72103-AEE8-46F0-9260-746A952A7E75}"
EndProject
Project("{9A19103F-16F7-4668-BE54-9A1E7A4F7556}") = "Lab_22_Serialization", "Lab_22_Serialization\Lab_22_Serialization.csproj", "{7D2CBD22-7128-4BCC-B493-53FDD0132640}"
EndProject
Project("{9A19103F-16F7-4668-BE54-9A1E7A4F7556}") = "Lab_23_serialize_JSON", "Lab_23_serialize_JSON\Lab_23_serialize_JSON.csproj", "{A3988DDB-3AF0-47CC-B525-A1ADECB45198}"
EndProject
Project("{9A19103F-16F7-4668-BE54-9A1E7A4F7556}") = "Lab_24_Serialization_Binary", "Lab_24_Serialization_Binary\Lab_24_Serialization_Binary.csproj", "{B2E5AE5D-A8CB-4643-AEDB-7FF0095131C8}"
EndProject
Project("{FAE04EC0-301F-11D3-BF4B-00C04F79EFBC}") = "Demo_API", "Demo_API\Demo_API.csproj", "{41EBA911-9FBE-4692-B932-831EA63800C9}"
EndProject
Project("{FAE04EC0-301F-11D3-BF4B-00C04F79EFBC}") = "Lab_25_ASP_Website", "Lab_25_ASP_Website\Lab_25_ASP_Website.csproj", "{22717340-D921-4C36-BD87-A63DE320CCA1}"
EndProject
Project("{FAE04EC0-301F-11D3-BF4B-00C04F79EFBC}") = "Lab_26_MVC", "Lab_26_MVC\Lab_26_MVC.csproj", "{5A63EB6C-1F2C-4E2B-9CE1-F773B3B5A514}"
EndProject
Project("{FAE04EC0-301F-11D3-BF4B-00C04F79EFBC}") = "LAB_27_MVC_Core", "LAB_27_MVC_Core\LAB_27_MVC_Core.csproj", "{983FB02B-580F-4285-94C4-8C38B275B1E9}"
EndProject
Global
	GlobalSection(SolutionConfigurationPlatforms) = preSolution
		Debug|Any CPU = Debug|Any CPU
		Release|Any CPU = Release|Any CPU
	EndGlobalSection
	GlobalSection(ProjectConfigurationPlatforms) = postSolution
		{0BC88CC8-7F44-4B53-95EB-F216ED4C80DF}.Debug|Any CPU.ActiveCfg = Debug|Any CPU
		{0BC88CC8-7F44-4B53-95EB-F216ED4C80DF}.Debug|Any CPU.Build.0 = Debug|Any CPU
		{0BC88CC8-7F44-4B53-95EB-F216ED4C80DF}.Release|Any CPU.ActiveCfg = Release|Any CPU
		{0BC88CC8-7F44-4B53-95EB-F216ED4C80DF}.Release|Any CPU.Build.0 = Release|Any CPU
		{3AC44637-DB77-4DAB-9DB1-B0F30610CE6F}.Debug|Any CPU.ActiveCfg = Debug|Any CPU
		{3AC44637-DB77-4DAB-9DB1-B0F30610CE6F}.Debug|Any CPU.Build.0 = Debug|Any CPU
		{3AC44637-DB77-4DAB-9DB1-B0F30610CE6F}.Release|Any CPU.ActiveCfg = Release|Any CPU
		{3AC44637-DB77-4DAB-9DB1-B0F30610CE6F}.Release|Any CPU.Build.0 = Release|Any CPU
		{C74839BE-4022-44E6-9533-BB36F09BE99B}.Debug|Any CPU.ActiveCfg = Debug|Any CPU
		{C74839BE-4022-44E6-9533-BB36F09BE99B}.Debug|Any CPU.Build.0 = Debug|Any CPU
		{C74839BE-4022-44E6-9533-BB36F09BE99B}.Release|Any CPU.ActiveCfg = Release|Any CPU
		{C74839BE-4022-44E6-9533-BB36F09BE99B}.Release|Any CPU.Build.0 = Release|Any CPU
		{7FAFF0F2-8CB4-469B-A544-1C87574F2CE5}.Debug|Any CPU.ActiveCfg = Debug|Any CPU
		{7FAFF0F2-8CB4-469B-A544-1C87574F2CE5}.Debug|Any CPU.Build.0 = Debug|Any CPU
		{7FAFF0F2-8CB4-469B-A544-1C87574F2CE5}.Release|Any CPU.ActiveCfg = Release|Any CPU
		{7FAFF0F2-8CB4-469B-A544-1C87574F2CE5}.Release|Any CPU.Build.0 = Release|Any CPU
		{759A3C61-DF36-418A-B3D1-C145D400AE3C}.Debug|Any CPU.ActiveCfg = Debug|Any CPU
		{759A3C61-DF36-418A-B3D1-C145D400AE3C}.Debug|Any CPU.Build.0 = Debug|Any CPU
		{759A3C61-DF36-418A-B3D1-C145D400AE3C}.Release|Any CPU.ActiveCfg = Release|Any CPU
		{759A3C61-DF36-418A-B3D1-C145D400AE3C}.Release|Any CPU.Build.0 = Release|Any CPU
		{36FD735F-8635-48F9-9424-38EE8A948D68}.Debug|Any CPU.ActiveCfg = Debug|Any CPU
		{36FD735F-8635-48F9-9424-38EE8A948D68}.Debug|Any CPU.Build.0 = Debug|Any CPU
		{36FD735F-8635-48F9-9424-38EE8A948D68}.Release|Any CPU.ActiveCfg = Release|Any CPU
		{36FD735F-8635-48F9-9424-38EE8A948D68}.Release|Any CPU.Build.0 = Release|Any CPU
		{BDCB17DB-D616-4D4C-9A62-0B1650548641}.Debug|Any CPU.ActiveCfg = Debug|Any CPU
		{BDCB17DB-D616-4D4C-9A62-0B1650548641}.Debug|Any CPU.Build.0 = Debug|Any CPU
		{BDCB17DB-D616-4D4C-9A62-0B1650548641}.Release|Any CPU.ActiveCfg = Release|Any CPU
		{BDCB17DB-D616-4D4C-9A62-0B1650548641}.Release|Any CPU.Build.0 = Release|Any CPU
		{BA3096FF-9B82-48D5-BA4C-F2D9D082A3FD}.Debug|Any CPU.ActiveCfg = Debug|Any CPU
		{BA3096FF-9B82-48D5-BA4C-F2D9D082A3FD}.Debug|Any CPU.Build.0 = Debug|Any CPU
		{BA3096FF-9B82-48D5-BA4C-F2D9D082A3FD}.Release|Any CPU.ActiveCfg = Release|Any CPU
		{BA3096FF-9B82-48D5-BA4C-F2D9D082A3FD}.Release|Any CPU.Build.0 = Release|Any CPU
		{55175CA4-1F58-424F-A5B5-F1DCB82A8953}.Debug|Any CPU.ActiveCfg = Debug|Any CPU
		{55175CA4-1F58-424F-A5B5-F1DCB82A8953}.Debug|Any CPU.Build.0 = Debug|Any CPU
		{55175CA4-1F58-424F-A5B5-F1DCB82A8953}.Release|Any CPU.ActiveCfg = Release|Any CPU
		{55175CA4-1F58-424F-A5B5-F1DCB82A8953}.Release|Any CPU.Build.0 = Release|Any CPU
		{56CECD63-B081-4A07-A323-108F9858F604}.Debug|Any CPU.ActiveCfg = Debug|Any CPU
		{56CECD63-B081-4A07-A323-108F9858F604}.Debug|Any CPU.Build.0 = Debug|Any CPU
		{56CECD63-B081-4A07-A323-108F9858F604}.Release|Any CPU.ActiveCfg = Release|Any CPU
		{56CECD63-B081-4A07-A323-108F9858F604}.Release|Any CPU.Build.0 = Release|Any CPU
		{277BFDBF-C2F2-47CF-BFF9-C3A99F881DA7}.Debug|Any CPU.ActiveCfg = Debug|Any CPU
		{277BFDBF-C2F2-47CF-BFF9-C3A99F881DA7}.Debug|Any CPU.Build.0 = Debug|Any CPU
		{277BFDBF-C2F2-47CF-BFF9-C3A99F881DA7}.Release|Any CPU.ActiveCfg = Release|Any CPU
		{277BFDBF-C2F2-47CF-BFF9-C3A99F881DA7}.Release|Any CPU.Build.0 = Release|Any CPU
		{2C950844-3D4B-4165-B0D6-A16668D6E904}.Debug|Any CPU.ActiveCfg = Debug|Any CPU
		{2C950844-3D4B-4165-B0D6-A16668D6E904}.Debug|Any CPU.Build.0 = Debug|Any CPU
		{2C950844-3D4B-4165-B0D6-A16668D6E904}.Release|Any CPU.ActiveCfg = Release|Any CPU
		{2C950844-3D4B-4165-B0D6-A16668D6E904}.Release|Any CPU.Build.0 = Release|Any CPU
		{DD5246C9-19D3-4936-8309-FDDB05D28D2E}.Debug|Any CPU.ActiveCfg = Debug|Any CPU
		{DD5246C9-19D3-4936-8309-FDDB05D28D2E}.Debug|Any CPU.Build.0 = Debug|Any CPU
		{DD5246C9-19D3-4936-8309-FDDB05D28D2E}.Release|Any CPU.ActiveCfg = Release|Any CPU
		{DD5246C9-19D3-4936-8309-FDDB05D28D2E}.Release|Any CPU.Build.0 = Release|Any CPU
		{4AAADD31-DEC6-40DA-9059-F8AF5745E8D9}.Debug|Any CPU.ActiveCfg = Debug|Any CPU
		{4AAADD31-DEC6-40DA-9059-F8AF5745E8D9}.Debug|Any CPU.Build.0 = Debug|Any CPU
		{4AAADD31-DEC6-40DA-9059-F8AF5745E8D9}.Release|Any CPU.ActiveCfg = Release|Any CPU
		{4AAADD31-DEC6-40DA-9059-F8AF5745E8D9}.Release|Any CPU.Build.0 = Release|Any CPU
		{B9DFAD85-C1D0-4AEA-AE1C-AD11C0DE1699}.Debug|Any CPU.ActiveCfg = Debug|Any CPU
		{B9DFAD85-C1D0-4AEA-AE1C-AD11C0DE1699}.Debug|Any CPU.Build.0 = Debug|Any CPU
		{B9DFAD85-C1D0-4AEA-AE1C-AD11C0DE1699}.Release|Any CPU.ActiveCfg = Release|Any CPU
		{B9DFAD85-C1D0-4AEA-AE1C-AD11C0DE1699}.Release|Any CPU.Build.0 = Release|Any CPU
		{9F9D9B30-DDDA-46B3-A675-7F63FC1556A0}.Debug|Any CPU.ActiveCfg = Debug|Any CPU
		{9F9D9B30-DDDA-46B3-A675-7F63FC1556A0}.Debug|Any CPU.Build.0 = Debug|Any CPU
		{9F9D9B30-DDDA-46B3-A675-7F63FC1556A0}.Release|Any CPU.ActiveCfg = Release|Any CPU
		{9F9D9B30-DDDA-46B3-A675-7F63FC1556A0}.Release|Any CPU.Build.0 = Release|Any CPU
		{5A4CCEF5-8C25-43BB-B4D3-006901E3A923}.Debug|Any CPU.ActiveCfg = Debug|Any CPU
		{5A4CCEF5-8C25-43BB-B4D3-006901E3A923}.Debug|Any CPU.Build.0 = Debug|Any CPU
		{5A4CCEF5-8C25-43BB-B4D3-006901E3A923}.Debug|Any CPU.Deploy.0 = Debug|Any CPU
		{5A4CCEF5-8C25-43BB-B4D3-006901E3A923}.Release|Any CPU.ActiveCfg = Release|Any CPU
		{5A4CCEF5-8C25-43BB-B4D3-006901E3A923}.Release|Any CPU.Build.0 = Release|Any CPU
		{5A4CCEF5-8C25-43BB-B4D3-006901E3A923}.Release|Any CPU.Deploy.0 = Release|Any CPU
		{5018260D-FEC4-48B9-ABF2-C6ECD952E350}.Debug|Any CPU.ActiveCfg = Debug|Any CPU
		{5018260D-FEC4-48B9-ABF2-C6ECD952E350}.Debug|Any CPU.Build.0 = Debug|Any CPU
		{5018260D-FEC4-48B9-ABF2-C6ECD952E350}.Release|Any CPU.ActiveCfg = Release|Any CPU
		{5018260D-FEC4-48B9-ABF2-C6ECD952E350}.Release|Any CPU.Build.0 = Release|Any CPU
		{C8E7C139-6D52-44DB-BA6E-9F420B9B26A7}.Debug|Any CPU.ActiveCfg = Debug|Any CPU
		{C8E7C139-6D52-44DB-BA6E-9F420B9B26A7}.Debug|Any CPU.Build.0 = Debug|Any CPU
		{C8E7C139-6D52-44DB-BA6E-9F420B9B26A7}.Release|Any CPU.ActiveCfg = Release|Any CPU
		{C8E7C139-6D52-44DB-BA6E-9F420B9B26A7}.Release|Any CPU.Build.0 = Release|Any CPU
		{8D93EC5E-201C-4AE8-9414-63F6600165F9}.Debug|Any CPU.ActiveCfg = Debug|Any CPU
		{8D93EC5E-201C-4AE8-9414-63F6600165F9}.Debug|Any CPU.Build.0 = Debug|Any CPU
		{8D93EC5E-201C-4AE8-9414-63F6600165F9}.Release|Any CPU.ActiveCfg = Release|Any CPU
		{8D93EC5E-201C-4AE8-9414-63F6600165F9}.Release|Any CPU.Build.0 = Release|Any CPU
		{4428281F-BC5B-4011-90AE-6927A0D77842}.Debug|Any CPU.ActiveCfg = Debug|Any CPU
		{4428281F-BC5B-4011-90AE-6927A0D77842}.Debug|Any CPU.Build.0 = Debug|Any CPU
		{4428281F-BC5B-4011-90AE-6927A0D77842}.Release|Any CPU.ActiveCfg = Release|Any CPU
		{4428281F-BC5B-4011-90AE-6927A0D77842}.Release|Any CPU.Build.0 = Release|Any CPU
		{7EDE39B2-4613-434A-B90F-6E3A7A961999}.Debug|Any CPU.ActiveCfg = Debug|Any CPU
		{7EDE39B2-4613-434A-B90F-6E3A7A961999}.Debug|Any CPU.Build.0 = Debug|Any CPU
		{7EDE39B2-4613-434A-B90F-6E3A7A961999}.Release|Any CPU.ActiveCfg = Release|Any CPU
		{7EDE39B2-4613-434A-B90F-6E3A7A961999}.Release|Any CPU.Build.0 = Release|Any CPU
		{3FA72103-AEE8-46F0-9260-746A952A7E75}.Debug|Any CPU.ActiveCfg = Debug|Any CPU
		{3FA72103-AEE8-46F0-9260-746A952A7E75}.Debug|Any CPU.Build.0 = Debug|Any CPU
		{3FA72103-AEE8-46F0-9260-746A952A7E75}.Release|Any CPU.ActiveCfg = Release|Any CPU
		{3FA72103-AEE8-46F0-9260-746A952A7E75}.Release|Any CPU.Build.0 = Release|Any CPU
		{7D2CBD22-7128-4BCC-B493-53FDD0132640}.Debug|Any CPU.ActiveCfg = Debug|Any CPU
		{7D2CBD22-7128-4BCC-B493-53FDD0132640}.Debug|Any CPU.Build.0 = Debug|Any CPU
		{7D2CBD22-7128-4BCC-B493-53FDD0132640}.Release|Any CPU.ActiveCfg = Release|Any CPU
		{7D2CBD22-7128-4BCC-B493-53FDD0132640}.Release|Any CPU.Build.0 = Release|Any CPU
		{A3988DDB-3AF0-47CC-B525-A1ADECB45198}.Debug|Any CPU.ActiveCfg = Debug|Any CPU
		{A3988DDB-3AF0-47CC-B525-A1ADECB45198}.Debug|Any CPU.Build.0 = Debug|Any CPU
		{A3988DDB-3AF0-47CC-B525-A1ADECB45198}.Release|Any CPU.ActiveCfg = Release|Any CPU
		{A3988DDB-3AF0-47CC-B525-A1ADECB45198}.Release|Any CPU.Build.0 = Release|Any CPU
		{B2E5AE5D-A8CB-4643-AEDB-7FF0095131C8}.Debug|Any CPU.ActiveCfg = Debug|Any CPU
		{B2E5AE5D-A8CB-4643-AEDB-7FF0095131C8}.Debug|Any CPU.Build.0 = Debug|Any CPU
		{B2E5AE5D-A8CB-4643-AEDB-7FF0095131C8}.Release|Any CPU.ActiveCfg = Release|Any CPU
		{B2E5AE5D-A8CB-4643-AEDB-7FF0095131C8}.Release|Any CPU.Build.0 = Release|Any CPU
		{41EBA911-9FBE-4692-B932-831EA63800C9}.Debug|Any CPU.ActiveCfg = Debug|Any CPU
		{41EBA911-9FBE-4692-B932-831EA63800C9}.Debug|Any CPU.Build.0 = Debug|Any CPU
		{41EBA911-9FBE-4692-B932-831EA63800C9}.Release|Any CPU.ActiveCfg = Release|Any CPU
		{41EBA911-9FBE-4692-B932-831EA63800C9}.Release|Any CPU.Build.0 = Release|Any CPU
		{22717340-D921-4C36-BD87-A63DE320CCA1}.Debug|Any CPU.ActiveCfg = Debug|Any CPU
		{22717340-D921-4C36-BD87-A63DE320CCA1}.Debug|Any CPU.Build.0 = Debug|Any CPU
		{22717340-D921-4C36-BD87-A63DE320CCA1}.Release|Any CPU.ActiveCfg = Release|Any CPU
		{22717340-D921-4C36-BD87-A63DE320CCA1}.Release|Any CPU.Build.0 = Release|Any CPU
		{5A63EB6C-1F2C-4E2B-9CE1-F773B3B5A514}.Debug|Any CPU.ActiveCfg = Debug|Any CPU
		{5A63EB6C-1F2C-4E2B-9CE1-F773B3B5A514}.Debug|Any CPU.Build.0 = Debug|Any CPU
		{5A63EB6C-1F2C-4E2B-9CE1-F773B3B5A514}.Release|Any CPU.ActiveCfg = Release|Any CPU
		{5A63EB6C-1F2C-4E2B-9CE1-F773B3B5A514}.Release|Any CPU.Build.0 = Release|Any CPU
		{983FB02B-580F-4285-94C4-8C38B275B1E9}.Debug|Any CPU.ActiveCfg = Debug|Any CPU
		{983FB02B-580F-4285-94C4-8C38B275B1E9}.Debug|Any CPU.Build.0 = Debug|Any CPU
		{983FB02B-580F-4285-94C4-8C38B275B1E9}.Release|Any CPU.ActiveCfg = Release|Any CPU
		{983FB02B-580F-4285-94C4-8C38B275B1E9}.Release|Any CPU.Build.0 = Release|Any CPU
	EndGlobalSection
	GlobalSection(SolutionProperties) = preSolution
		HideSolutionNode = FALSE
	EndGlobalSection
	GlobalSection(ExtensibilityGlobals) = postSolution
		SolutionGuid = {99DAE7D8-2A0B-4BED-9F48-FAFEDE64D40C}
	EndGlobalSection
EndGlobal
